
Microsoft Visual Studio Solution File, Format Version 12.00
# Visual Studio Version 16
VisualStudioVersion = 16.0.29613.14
MinimumVisualStudioVersion = 10.0.40219.1
Project("{FAE04EC0-301F-11D3-BF4B-00C04F79EFBC}") = "SDI_WebAPI", "SDI_WebAPI.csproj", "{0CEB26D5-E0E9-43EE-AC14-34643DBCB72C}"
EndProject
Global
	GlobalSection(SolutionConfigurationPlatforms) = preSolution
		Debug|Any CPU = Debug|Any CPU
		Release|Any CPU = Release|Any CPU
	EndGlobalSection
	GlobalSection(ProjectConfigurationPlatforms) = postSolution
		{0CEB26D5-E0E9-43EE-AC14-34643DBCB72C}.Debug|Any CPU.ActiveCfg = Debug|Any CPU
		{0CEB26D5-E0E9-43EE-AC14-34643DBCB72C}.Debug|Any CPU.Build.0 = Debug|Any CPU
		{0CEB26D5-E0E9-43EE-AC14-34643DBCB72C}.Release|Any CPU.ActiveCfg = Release|Any CPU
		{0CEB26D5-E0E9-43EE-AC14-34643DBCB72C}.Release|Any CPU.Build.0 = Release|Any CPU
	EndGlobalSection
	GlobalSection(SolutionProperties) = preSolution
		HideSolutionNode = FALSE
	EndGlobalSection
	GlobalSection(ExtensibilityGlobals) = postSolution
		SolutionGuid = {883B0F16-A341-4628-995B-E71E8D0A7CE1}
	EndGlobalSection
EndGlobal
