
Microsoft Visual Studio Solution File, Format Version 12.00
# Visual Studio Version 16
VisualStudioVersion = 16.0.29001.49
MinimumVisualStudioVersion = 10.0.40219.1
Project("{FAE04EC0-301F-11D3-BF4B-00C04F79EFBC}") = "AssetDispatchManager", "AssetDispatchManager\AssetDispatchManager.csproj", "{AD5BAC4C-5BCC-4807-BD1B-637FA23B6FC1}"
EndProject
Global
	GlobalSection(SolutionConfigurationPlatforms) = preSolution
		Debug|Any CPU = Debug|Any CPU
		Release|Any CPU = Release|Any CPU
	EndGlobalSection
	GlobalSection(ProjectConfigurationPlatforms) = postSolution
		{AD5BAC4C-5BCC-4807-BD1B-637FA23B6FC1}.Debug|Any CPU.ActiveCfg = Debug|Any CPU
		{AD5BAC4C-5BCC-4807-BD1B-637FA23B6FC1}.Debug|Any CPU.Build.0 = Debug|Any CPU
		{AD5BAC4C-5BCC-4807-BD1B-637FA23B6FC1}.Release|Any CPU.ActiveCfg = Release|Any CPU
		{AD5BAC4C-5BCC-4807-BD1B-637FA23B6FC1}.Release|Any CPU.Build.0 = Release|Any CPU
	EndGlobalSection
	GlobalSection(SolutionProperties) = preSolution
		HideSolutionNode = FALSE
	EndGlobalSection
	GlobalSection(ExtensibilityGlobals) = postSolution
		SolutionGuid = {79FD8F33-2098-4E04-8A79-16254B7D43A8}
	EndGlobalSection
EndGlobal
